
Microsoft Visual Studio Solution File, Format Version 12.00
# Visual Studio Version 16
VisualStudioVersion = 16.0.28803.514
MinimumVisualStudioVersion = 10.0.40219.1
Project("{8BC9CEB8-8B4A-11D0-8D11-00A0C91BC942}") = "KeyboardLocker", "KeyboardLocker.vcxproj", "{803018BD-27BD-4AEB-994C-EDEB4F92A722}"
EndProject
Global
	GlobalSection(SolutionConfigurationPlatforms) = preSolution
		Debug|x64 = Debug|x64
		Debug|x86 = Debug|x86
		Release|x64 = Release|x64
		Release|x86 = Release|x86
	EndGlobalSection
	GlobalSection(ProjectConfigurationPlatforms) = postSolution
		{803018BD-27BD-4AEB-994C-EDEB4F92A722}.Debug|x64.ActiveCfg = Debug|x64
		{803018BD-27BD-4AEB-994C-EDEB4F92A722}.Debug|x64.Build.0 = Debug|x64
		{803018BD-27BD-4AEB-994C-EDEB4F92A722}.Debug|x86.ActiveCfg = Debug|Win32
		{803018BD-27BD-4AEB-994C-EDEB4F92A722}.Debug|x86.Build.0 = Debug|Win32
		{803018BD-27BD-4AEB-994C-EDEB4F92A722}.Release|x64.ActiveCfg = Release|x64
		{803018BD-27BD-4AEB-994C-EDEB4F92A722}.Release|x64.Build.0 = Release|x64
		{803018BD-27BD-4AEB-994C-EDEB4F92A722}.Release|x86.ActiveCfg = Release|Win32
		{803018BD-27BD-4AEB-994C-EDEB4F92A722}.Release|x86.Build.0 = Release|Win32
	EndGlobalSection
	GlobalSection(SolutionProperties) = preSolution
		HideSolutionNode = FALSE
	EndGlobalSection
	GlobalSection(ExtensibilityGlobals) = postSolution
		SolutionGuid = {3435F0E1-017D-4733-B86C-D5A5D5CB2E7E}
	EndGlobalSection
EndGlobal
